
Microsoft Visual Studio Solution File, Format Version 12.00
# Visual Studio Version 16
VisualStudioVersion = 16.0.29505.145
MinimumVisualStudioVersion = 10.0.40219.1
Project("{9A19103F-16F7-4668-BE54-9A1E7A4F7556}") = "SampleWeb", "src\SampleWeb\SampleWeb.csproj", "{07D7F8CB-302B-49EA-9BBD-DF055E2B4FE8}"
EndProject
Project("{2150E333-8FDC-42A3-9474-1A3956D46DE8}") = "__", "__", "{4F567958-C1B0-45BB-BEB6-294E8426C468}"
	ProjectSection(SolutionItems) = preProject
		docker-compose.yml = docker-compose.yml
		Nuget.config = Nuget.config
	EndProjectSection
EndProject
Project("{9A19103F-16F7-4668-BE54-9A1E7A4F7556}") = "ProductService", "src\ProductService\ProductService.csproj", "{783AFA1B-1E0E-4E6A-9D9E-9F1B6752B90F}"
EndProject
Project("{9A19103F-16F7-4668-BE54-9A1E7A4F7556}") = "Shared", "src\Shared\Shared.csproj", "{52483752-5EF7-473C-B899-02BC1C00D100}"
EndProject
Project("{9A19103F-16F7-4668-BE54-9A1E7A4F7556}") = "WeatherService", "src\WeatherService\WeatherService.csproj", "{52F33149-6988-4753-ABE6-ECB16C12691F}"
EndProject
Project("{9A19103F-16F7-4668-BE54-9A1E7A4F7556}") = "MeteoriteService", "src\MeteoriteService\MeteoriteService.csproj", "{F2ADF7F6-F26A-4EA8-A731-80048C1516D9}"
EndProject
Project("{2150E333-8FDC-42A3-9474-1A3956D46DE8}") = "Services", "Services", "{D1838E32-FBAF-41AD-A848-72F0A41DA3D7}"
EndProject
Global
	GlobalSection(SolutionConfigurationPlatforms) = preSolution
		Debug|Any CPU = Debug|Any CPU
		Release|Any CPU = Release|Any CPU
	EndGlobalSection
	GlobalSection(ProjectConfigurationPlatforms) = postSolution
		{07D7F8CB-302B-49EA-9BBD-DF055E2B4FE8}.Debug|Any CPU.ActiveCfg = Debug|Any CPU
		{07D7F8CB-302B-49EA-9BBD-DF055E2B4FE8}.Debug|Any CPU.Build.0 = Debug|Any CPU
		{07D7F8CB-302B-49EA-9BBD-DF055E2B4FE8}.Release|Any CPU.ActiveCfg = Release|Any CPU
		{07D7F8CB-302B-49EA-9BBD-DF055E2B4FE8}.Release|Any CPU.Build.0 = Release|Any CPU
		{783AFA1B-1E0E-4E6A-9D9E-9F1B6752B90F}.Debug|Any CPU.ActiveCfg = Debug|Any CPU
		{783AFA1B-1E0E-4E6A-9D9E-9F1B6752B90F}.Debug|Any CPU.Build.0 = Debug|Any CPU
		{783AFA1B-1E0E-4E6A-9D9E-9F1B6752B90F}.Release|Any CPU.ActiveCfg = Release|Any CPU
		{783AFA1B-1E0E-4E6A-9D9E-9F1B6752B90F}.Release|Any CPU.Build.0 = Release|Any CPU
		{52483752-5EF7-473C-B899-02BC1C00D100}.Debug|Any CPU.ActiveCfg = Debug|Any CPU
		{52483752-5EF7-473C-B899-02BC1C00D100}.Debug|Any CPU.Build.0 = Debug|Any CPU
		{52483752-5EF7-473C-B899-02BC1C00D100}.Release|Any CPU.ActiveCfg = Release|Any CPU
		{52483752-5EF7-473C-B899-02BC1C00D100}.Release|Any CPU.Build.0 = Release|Any CPU
		{52F33149-6988-4753-ABE6-ECB16C12691F}.Debug|Any CPU.ActiveCfg = Debug|Any CPU
		{52F33149-6988-4753-ABE6-ECB16C12691F}.Debug|Any CPU.Build.0 = Debug|Any CPU
		{52F33149-6988-4753-ABE6-ECB16C12691F}.Release|Any CPU.ActiveCfg = Release|Any CPU
		{52F33149-6988-4753-ABE6-ECB16C12691F}.Release|Any CPU.Build.0 = Release|Any CPU
		{F2ADF7F6-F26A-4EA8-A731-80048C1516D9}.Debug|Any CPU.ActiveCfg = Debug|Any CPU
		{F2ADF7F6-F26A-4EA8-A731-80048C1516D9}.Debug|Any CPU.Build.0 = Debug|Any CPU
		{F2ADF7F6-F26A-4EA8-A731-80048C1516D9}.Release|Any CPU.ActiveCfg = Release|Any CPU
		{F2ADF7F6-F26A-4EA8-A731-80048C1516D9}.Release|Any CPU.Build.0 = Release|Any CPU
	EndGlobalSection
	GlobalSection(SolutionProperties) = preSolution
		HideSolutionNode = FALSE
	EndGlobalSection
	GlobalSection(NestedProjects) = preSolution
		{783AFA1B-1E0E-4E6A-9D9E-9F1B6752B90F} = {D1838E32-FBAF-41AD-A848-72F0A41DA3D7}
		{52F33149-6988-4753-ABE6-ECB16C12691F} = {D1838E32-FBAF-41AD-A848-72F0A41DA3D7}
		{F2ADF7F6-F26A-4EA8-A731-80048C1516D9} = {D1838E32-FBAF-41AD-A848-72F0A41DA3D7}
	EndGlobalSection
	GlobalSection(ExtensibilityGlobals) = postSolution
		SolutionGuid = {402AB0B0-3D0D-4558-AB27-72588EE5B38B}
	EndGlobalSection
EndGlobal
